PODS:
  - Alamofire (5.0.5)
  - FFPopup (1.1.0)
  - Floaty (4.2.0)
  - QuickLayout (3.0.0)
  - SwiftEntryKit (1.2.3):
    - QuickLayout (= 3.0.0)
  - SwiftyCam (4.0.0)
  - SwiftyJSON (4.3.0)

DEPENDENCIES:
  - Alamofire (~> 5.0.0)
  - FFPopup
  - Floaty (~> 4.2.0)
  - SwiftEntryKit (= 1.2.3)
  - SwiftyCam
  - SwiftyJSON (~> 4.0)

SPEC REPOS:
  trunk:
    - Alamofire
    - FFPopup
    - Floaty
    - QuickLayout
    - SwiftEntryKit
    - SwiftyCam
    - SwiftyJSON

SPEC CHECKSUMS:
  Alamofire: df2f8f826963b08b9a870791ad48e07a10090b2e
  FFPopup: 408e38711f4fe2fddd3c8612c045cf0df6da2e4e
  Floaty: e2bd5a0f6f7f70899e26ff2da31081c8bee8d1b0
  QuickLayout: 07b45a72b10083fee3f095990cfed1c1e7b27f0a
  SwiftEntryKit: 340713c2e4a6662c5149629990bf1088bf5f0389
  SwiftyCam: 6e57914771d972fbe508e759dc9d0150a44a93fd
  SwiftyJSON: 6faa0040f8b59dead0ee07436cbf76b73c08fd08

PODFILE CHECKSUM: 500e295f405d55f85298826cffe91f624c633c7e

COCOAPODS: 1.8.4
